
Microsoft Visual Studio Solution File, Format Version 12.00
# Visual Studio 15
VisualStudioVersion = 15.0.28307.645
MinimumVisualStudioVersion = 10.0.40219.1
Project("{FAE04EC0-301F-11D3-BF4B-00C04F79EFBC}") = "OnBreak1.1", "OnBreak1.1\OnBreak1.1.csproj", "{50FAC63A-5406-4A87-BC56-9D3CED4A80DD}"
EndProject
Project("{FAE04EC0-301F-11D3-BF4B-00C04F79EFBC}") = "OnBreak.negocio", "OnBreak.negocio\OnBreak.negocio.csproj", "{E4C5F84D-F203-4C11-860B-B2528CA64C1C}"
EndProject
Project("{FAE04EC0-301F-11D3-BF4B-00C04F79EFBC}") = "OnBreak.datos", "OnBreak.datos\OnBreak.datos.csproj", "{431F81C5-6969-4A5E-8C85-3F33158E09B8}"
EndProject
Global
	GlobalSection(SolutionConfigurationPlatforms) = preSolution
		Debug|Any CPU = Debug|Any CPU
		Release|Any CPU = Release|Any CPU
	EndGlobalSection
	GlobalSection(ProjectConfigurationPlatforms) = postSolution
		{50FAC63A-5406-4A87-BC56-9D3CED4A80DD}.Debug|Any CPU.ActiveCfg = Debug|Any CPU
		{50FAC63A-5406-4A87-BC56-9D3CED4A80DD}.Debug|Any CPU.Build.0 = Debug|Any CPU
		{50FAC63A-5406-4A87-BC56-9D3CED4A80DD}.Release|Any CPU.ActiveCfg = Release|Any CPU
		{50FAC63A-5406-4A87-BC56-9D3CED4A80DD}.Release|Any CPU.Build.0 = Release|Any CPU
		{E4C5F84D-F203-4C11-860B-B2528CA64C1C}.Debug|Any CPU.ActiveCfg = Debug|Any CPU
		{E4C5F84D-F203-4C11-860B-B2528CA64C1C}.Debug|Any CPU.Build.0 = Debug|Any CPU
		{E4C5F84D-F203-4C11-860B-B2528CA64C1C}.Release|Any CPU.ActiveCfg = Release|Any CPU
		{E4C5F84D-F203-4C11-860B-B2528CA64C1C}.Release|Any CPU.Build.0 = Release|Any CPU
		{431F81C5-6969-4A5E-8C85-3F33158E09B8}.Debug|Any CPU.ActiveCfg = Debug|Any CPU
		{431F81C5-6969-4A5E-8C85-3F33158E09B8}.Debug|Any CPU.Build.0 = Debug|Any CPU
		{431F81C5-6969-4A5E-8C85-3F33158E09B8}.Release|Any CPU.ActiveCfg = Release|Any CPU
		{431F81C5-6969-4A5E-8C85-3F33158E09B8}.Release|Any CPU.Build.0 = Release|Any CPU
	EndGlobalSection
	GlobalSection(SolutionProperties) = preSolution
		HideSolutionNode = FALSE
	EndGlobalSection
	GlobalSection(ExtensibilityGlobals) = postSolution
		SolutionGuid = {0245FB19-0384-4BF4-B8F2-8AD7D49A9A86}
	EndGlobalSection
EndGlobal
